
Microsoft Visual Studio Solution File, Format Version 12.00
# Visual Studio Version 17
VisualStudioVersion = 17.11.35312.102
MinimumVisualStudioVersion = 10.0.40219.1
Project("{FAE04EC0-301F-11D3-BF4B-00C04F79EFBC}") = "NearMindApp", "NearMindApp\NearMindApp.csproj", "{8614BCA1-29C9-4ED3-B1F8-26B7BB6E4E61}"
EndProject
Global
	GlobalSection(SolutionConfigurationPlatforms) = preSolution
		Debug|Any CPU = Debug|Any CPU
		Release|Any CPU = Release|Any CPU
	EndGlobalSection
	GlobalSection(ProjectConfigurationPlatforms) = postSolution
		{8614BCA1-29C9-4ED3-B1F8-26B7BB6E4E61}.Debug|Any CPU.ActiveCfg = Debug|Any CPU
		{8614BCA1-29C9-4ED3-B1F8-26B7BB6E4E61}.Debug|Any CPU.Build.0 = Debug|Any CPU
		{8614BCA1-29C9-4ED3-B1F8-26B7BB6E4E61}.Debug|Any CPU.Deploy.0 = Debug|Any CPU
		{8614BCA1-29C9-4ED3-B1F8-26B7BB6E4E61}.Release|Any CPU.ActiveCfg = Release|Any CPU
		{8614BCA1-29C9-4ED3-B1F8-26B7BB6E4E61}.Release|Any CPU.Build.0 = Release|Any CPU
		{8614BCA1-29C9-4ED3-B1F8-26B7BB6E4E61}.Release|Any CPU.Deploy.0 = Release|Any CPU
	EndGlobalSection
	GlobalSection(SolutionProperties) = preSolution
		HideSolutionNode = FALSE
	EndGlobalSection
	GlobalSection(ExtensibilityGlobals) = postSolution
		SolutionGuid = {E374368A-CDA7-4F80-9C6C-FB658D50F644}
	EndGlobalSection
EndGlobal
